
Microsoft Visual Studio Solution File, Format Version 12.00
# Visual Studio 15
VisualStudioVersion = 15.0.28010.2041
MinimumVisualStudioVersion = 10.0.40219.1
Project("{9A19103F-16F7-4668-BE54-9A1E7A4F7556}") = "Send", "Send\Send.csproj", "{B7742173-391F-4BF8-A343-BE2BCF856C23}"
EndProject
Project("{9A19103F-16F7-4668-BE54-9A1E7A4F7556}") = "Receive", "Receive\Receive.csproj", "{5E463C74-917B-4411-84D3-D155910E46EF}"
EndProject
Global
	GlobalSection(SolutionConfigurationPlatforms) = preSolution
		Debug|Any CPU = Debug|Any CPU
		Release|Any CPU = Release|Any CPU
	EndGlobalSection
	GlobalSection(ProjectConfigurationPlatforms) = postSolution
		{B7742173-391F-4BF8-A343-BE2BCF856C23}.Debug|Any CPU.ActiveCfg = Debug|Any CPU
		{B7742173-391F-4BF8-A343-BE2BCF856C23}.Debug|Any CPU.Build.0 = Debug|Any CPU
		{B7742173-391F-4BF8-A343-BE2BCF856C23}.Release|Any CPU.ActiveCfg = Release|Any CPU
		{B7742173-391F-4BF8-A343-BE2BCF856C23}.Release|Any CPU.Build.0 = Release|Any CPU
		{5E463C74-917B-4411-84D3-D155910E46EF}.Debug|Any CPU.ActiveCfg = Debug|Any CPU
		{5E463C74-917B-4411-84D3-D155910E46EF}.Debug|Any CPU.Build.0 = Debug|Any CPU
		{5E463C74-917B-4411-84D3-D155910E46EF}.Release|Any CPU.ActiveCfg = Release|Any CPU
		{5E463C74-917B-4411-84D3-D155910E46EF}.Release|Any CPU.Build.0 = Release|Any CPU
	EndGlobalSection
	GlobalSection(SolutionProperties) = preSolution
		HideSolutionNode = FALSE
	EndGlobalSection
	GlobalSection(ExtensibilityGlobals) = postSolution
		SolutionGuid = {C89D5E55-14C5-46DF-A371-3467E31E8E9B}
	EndGlobalSection
EndGlobal
